
Microsoft Visual Studio Solution File, Format Version 12.00
# Visual Studio Version 17
VisualStudioVersion = 17.1.32407.343
MinimumVisualStudioVersion = 10.0.40219.1
Project("{FAE04EC0-301F-11D3-BF4B-00C04F79EFBC}") = "SE1617_Group01_A1", "SE1617_Group01_A1\SE1617_Group01_A1.csproj", "{2B3C914B-932C-4CE3-B2D2-7054C30907A1}"
EndProject
Global
	GlobalSection(SolutionConfigurationPlatforms) = preSolution
		Debug|Any CPU = Debug|Any CPU
		Release|Any CPU = Release|Any CPU
	EndGlobalSection
	GlobalSection(ProjectConfigurationPlatforms) = postSolution
		{2B3C914B-932C-4CE3-B2D2-7054C30907A1}.Debug|Any CPU.ActiveCfg = Debug|Any CPU
		{2B3C914B-932C-4CE3-B2D2-7054C30907A1}.Debug|Any CPU.Build.0 = Debug|Any CPU
		{2B3C914B-932C-4CE3-B2D2-7054C30907A1}.Release|Any CPU.ActiveCfg = Release|Any CPU
		{2B3C914B-932C-4CE3-B2D2-7054C30907A1}.Release|Any CPU.Build.0 = Release|Any CPU
	EndGlobalSection
	GlobalSection(SolutionProperties) = preSolution
		HideSolutionNode = FALSE
	EndGlobalSection
	GlobalSection(ExtensibilityGlobals) = postSolution
		SolutionGuid = {6005AB51-96EE-4527-9F87-F5636E75CB77}
	EndGlobalSection
EndGlobal
