
Microsoft Visual Studio Solution File, Format Version 12.00
# Visual Studio Version 17
VisualStudioVersion = 17.1.32407.343
MinimumVisualStudioVersion = 10.0.40219.1
Project("{9A19103F-16F7-4668-BE54-9A1E7A4F7556}") = "SE1617_Group01_A1", "ManageCiname_Assignment_1\SE1617_Group01_A1.csproj", "{1B08D33A-72E9-44E8-AC45-441BA1E73AE9}"
EndProject
Global
	GlobalSection(SolutionConfigurationPlatforms) = preSolution
		Debug|Any CPU = Debug|Any CPU
		Release|Any CPU = Release|Any CPU
	EndGlobalSection
	GlobalSection(ProjectConfigurationPlatforms) = postSolution
		{1B08D33A-72E9-44E8-AC45-441BA1E73AE9}.Debug|Any CPU.ActiveCfg = Debug|Any CPU
		{1B08D33A-72E9-44E8-AC45-441BA1E73AE9}.Debug|Any CPU.Build.0 = Debug|Any CPU
		{1B08D33A-72E9-44E8-AC45-441BA1E73AE9}.Release|Any CPU.ActiveCfg = Release|Any CPU
		{1B08D33A-72E9-44E8-AC45-441BA1E73AE9}.Release|Any CPU.Build.0 = Release|Any CPU
	EndGlobalSection
	GlobalSection(SolutionProperties) = preSolution
		HideSolutionNode = FALSE
	EndGlobalSection
	GlobalSection(ExtensibilityGlobals) = postSolution
		SolutionGuid = {6B59CAD5-E4E0-41EF-ABC7-9BC5064B6464}
	EndGlobalSection
EndGlobal
